
Microsoft Visual Studio Solution File, Format Version 12.00
# Visual Studio Version 17
VisualStudioVersion = 17.0.31903.59
MinimumVisualStudioVersion = 10.0.40219.1
Project("{2150E333-8FDC-42A3-9474-1A3956D46DE8}") = "src", "src", "{DA26979D-2C14-4C23-A652-E3E8161B10A6}"
EndProject
Project("{FAE04EC0-301F-11D3-BF4B-00C04F79EFBC}") = "Dn", "src\Dn\Dn.csproj", "{3FD2378A-C09A-48B9-B412-EAC728D38E56}"
EndProject
Project("{2150E333-8FDC-42A3-9474-1A3956D46DE8}") = "tests", "tests", "{66127013-DFAF-40E8-A37E-D0FBFA11A85E}"
EndProject
Project("{FAE04EC0-301F-11D3-BF4B-00C04F79EFBC}") = "ExecTests", "tests\ExecTests\ExecTests.csproj", "{3CFD5664-60E2-4F99-8902-670944A7B164}"
EndProject
Project("{FAE04EC0-301F-11D3-BF4B-00C04F79EFBC}") = "MiniBuild", "src\MiniBuild\MiniBuild.csproj", "{6F8976E8-0E7E-45D3-85A4-4A8AEA5C4E25}"
EndProject
Project("{FAE04EC0-301F-11D3-BF4B-00C04F79EFBC}") = "MiniBuildTests", "tests\MiniBuildTests\MiniBuildTests.csproj", "{7269A1AB-9289-4278-81BA-A8D6FA575E0F}"
EndProject
Global
	GlobalSection(SolutionConfigurationPlatforms) = preSolution
		Debug|Any CPU = Debug|Any CPU
		Release|Any CPU = Release|Any CPU
	EndGlobalSection
	GlobalSection(SolutionProperties) = preSolution
		HideSolutionNode = FALSE
	EndGlobalSection
	GlobalSection(ProjectConfigurationPlatforms) = postSolution
		{3FD2378A-C09A-48B9-B412-EAC728D38E56}.Debug|Any CPU.ActiveCfg = Debug|Any CPU
		{3FD2378A-C09A-48B9-B412-EAC728D38E56}.Debug|Any CPU.Build.0 = Debug|Any CPU
		{3FD2378A-C09A-48B9-B412-EAC728D38E56}.Release|Any CPU.ActiveCfg = Release|Any CPU
		{3FD2378A-C09A-48B9-B412-EAC728D38E56}.Release|Any CPU.Build.0 = Release|Any CPU
		{3CFD5664-60E2-4F99-8902-670944A7B164}.Debug|Any CPU.ActiveCfg = Debug|Any CPU
		{3CFD5664-60E2-4F99-8902-670944A7B164}.Debug|Any CPU.Build.0 = Debug|Any CPU
		{3CFD5664-60E2-4F99-8902-670944A7B164}.Release|Any CPU.ActiveCfg = Release|Any CPU
		{3CFD5664-60E2-4F99-8902-670944A7B164}.Release|Any CPU.Build.0 = Release|Any CPU
		{6F8976E8-0E7E-45D3-85A4-4A8AEA5C4E25}.Debug|Any CPU.ActiveCfg = Debug|Any CPU
		{6F8976E8-0E7E-45D3-85A4-4A8AEA5C4E25}.Debug|Any CPU.Build.0 = Debug|Any CPU
		{6F8976E8-0E7E-45D3-85A4-4A8AEA5C4E25}.Release|Any CPU.ActiveCfg = Release|Any CPU
		{6F8976E8-0E7E-45D3-85A4-4A8AEA5C4E25}.Release|Any CPU.Build.0 = Release|Any CPU
		{7269A1AB-9289-4278-81BA-A8D6FA575E0F}.Debug|Any CPU.ActiveCfg = Debug|Any CPU
		{7269A1AB-9289-4278-81BA-A8D6FA575E0F}.Debug|Any CPU.Build.0 = Debug|Any CPU
		{7269A1AB-9289-4278-81BA-A8D6FA575E0F}.Release|Any CPU.ActiveCfg = Release|Any CPU
		{7269A1AB-9289-4278-81BA-A8D6FA575E0F}.Release|Any CPU.Build.0 = Release|Any CPU
	EndGlobalSection
	GlobalSection(NestedProjects) = preSolution
		{3FD2378A-C09A-48B9-B412-EAC728D38E56} = {DA26979D-2C14-4C23-A652-E3E8161B10A6}
		{3CFD5664-60E2-4F99-8902-670944A7B164} = {66127013-DFAF-40E8-A37E-D0FBFA11A85E}
		{6F8976E8-0E7E-45D3-85A4-4A8AEA5C4E25} = {DA26979D-2C14-4C23-A652-E3E8161B10A6}
		{7269A1AB-9289-4278-81BA-A8D6FA575E0F} = {66127013-DFAF-40E8-A37E-D0FBFA11A85E}
	EndGlobalSection
EndGlobal
