
Microsoft Visual Studio Solution File, Format Version 12.00
# Visual Studio Version 17
VisualStudioVersion = 17.0.31903.59
MinimumVisualStudioVersion = 10.0.40219.1
Project("{2150E333-8FDC-42A3-9474-1A3956D46DE8}") = "src", "src", "{DA26979D-2C14-4C23-A652-E3E8161B10A6}"
EndProject
Project("{FAE04EC0-301F-11D3-BF4B-00C04F79EFBC}") = "Dn", "src\Dn\Dn.csproj", "{3FD2378A-C09A-48B9-B412-EAC728D38E56}"
EndProject
Project("{FAE04EC0-301F-11D3-BF4B-00C04F79EFBC}") = "MiniBuild", "src\MiniBuild\MiniBuild.csproj", "{6F8976E8-0E7E-45D3-85A4-4A8AEA5C4E25}"
EndProject
Project("{2150E333-8FDC-42A3-9474-1A3956D46DE8}") = "tests", "tests", "{0AB3BF05-4346-4AA6-1389-037BE0695223}"
EndProject
Project("{FAE04EC0-301F-11D3-BF4B-00C04F79EFBC}") = "DnTests", "tests\DnTests\DnTests.csproj", "{6969908F-44F2-49FC-AE17-54FEFDAC6774}"
EndProject
Project("{FAE04EC0-301F-11D3-BF4B-00C04F79EFBC}") = "DnExe", "src\DnExe\DnExe.csproj", "{5E63FF90-4531-415E-8CC1-58550068BE90}"
EndProject
Global
	GlobalSection(SolutionConfigurationPlatforms) = preSolution
		Debug|Any CPU = Debug|Any CPU
		Debug|x64 = Debug|x64
		Debug|x86 = Debug|x86
		Release|Any CPU = Release|Any CPU
		Release|x64 = Release|x64
		Release|x86 = Release|x86
	EndGlobalSection
	GlobalSection(ProjectConfigurationPlatforms) = postSolution
		{3FD2378A-C09A-48B9-B412-EAC728D38E56}.Debug|Any CPU.ActiveCfg = Debug|Any CPU
		{3FD2378A-C09A-48B9-B412-EAC728D38E56}.Debug|Any CPU.Build.0 = Debug|Any CPU
		{3FD2378A-C09A-48B9-B412-EAC728D38E56}.Debug|x64.ActiveCfg = Debug|Any CPU
		{3FD2378A-C09A-48B9-B412-EAC728D38E56}.Debug|x64.Build.0 = Debug|Any CPU
		{3FD2378A-C09A-48B9-B412-EAC728D38E56}.Debug|x86.ActiveCfg = Debug|Any CPU
		{3FD2378A-C09A-48B9-B412-EAC728D38E56}.Debug|x86.Build.0 = Debug|Any CPU
		{3FD2378A-C09A-48B9-B412-EAC728D38E56}.Release|Any CPU.ActiveCfg = Release|Any CPU
		{3FD2378A-C09A-48B9-B412-EAC728D38E56}.Release|Any CPU.Build.0 = Release|Any CPU
		{3FD2378A-C09A-48B9-B412-EAC728D38E56}.Release|x64.ActiveCfg = Release|Any CPU
		{3FD2378A-C09A-48B9-B412-EAC728D38E56}.Release|x64.Build.0 = Release|Any CPU
		{3FD2378A-C09A-48B9-B412-EAC728D38E56}.Release|x86.ActiveCfg = Release|Any CPU
		{3FD2378A-C09A-48B9-B412-EAC728D38E56}.Release|x86.Build.0 = Release|Any CPU
		{6F8976E8-0E7E-45D3-85A4-4A8AEA5C4E25}.Debug|Any CPU.ActiveCfg = Debug|Any CPU
		{6F8976E8-0E7E-45D3-85A4-4A8AEA5C4E25}.Debug|Any CPU.Build.0 = Debug|Any CPU
		{6F8976E8-0E7E-45D3-85A4-4A8AEA5C4E25}.Debug|x64.ActiveCfg = Debug|Any CPU
		{6F8976E8-0E7E-45D3-85A4-4A8AEA5C4E25}.Debug|x64.Build.0 = Debug|Any CPU
		{6F8976E8-0E7E-45D3-85A4-4A8AEA5C4E25}.Debug|x86.ActiveCfg = Debug|Any CPU
		{6F8976E8-0E7E-45D3-85A4-4A8AEA5C4E25}.Debug|x86.Build.0 = Debug|Any CPU
		{6F8976E8-0E7E-45D3-85A4-4A8AEA5C4E25}.Release|Any CPU.ActiveCfg = Release|Any CPU
		{6F8976E8-0E7E-45D3-85A4-4A8AEA5C4E25}.Release|Any CPU.Build.0 = Release|Any CPU
		{6F8976E8-0E7E-45D3-85A4-4A8AEA5C4E25}.Release|x64.ActiveCfg = Release|Any CPU
		{6F8976E8-0E7E-45D3-85A4-4A8AEA5C4E25}.Release|x64.Build.0 = Release|Any CPU
		{6F8976E8-0E7E-45D3-85A4-4A8AEA5C4E25}.Release|x86.ActiveCfg = Release|Any CPU
		{6F8976E8-0E7E-45D3-85A4-4A8AEA5C4E25}.Release|x86.Build.0 = Release|Any CPU
		{6969908F-44F2-49FC-AE17-54FEFDAC6774}.Debug|Any CPU.ActiveCfg = Debug|Any CPU
		{6969908F-44F2-49FC-AE17-54FEFDAC6774}.Debug|Any CPU.Build.0 = Debug|Any CPU
		{6969908F-44F2-49FC-AE17-54FEFDAC6774}.Debug|x64.ActiveCfg = Debug|Any CPU
		{6969908F-44F2-49FC-AE17-54FEFDAC6774}.Debug|x64.Build.0 = Debug|Any CPU
		{6969908F-44F2-49FC-AE17-54FEFDAC6774}.Debug|x86.ActiveCfg = Debug|Any CPU
		{6969908F-44F2-49FC-AE17-54FEFDAC6774}.Debug|x86.Build.0 = Debug|Any CPU
		{6969908F-44F2-49FC-AE17-54FEFDAC6774}.Release|Any CPU.ActiveCfg = Release|Any CPU
		{6969908F-44F2-49FC-AE17-54FEFDAC6774}.Release|Any CPU.Build.0 = Release|Any CPU
		{6969908F-44F2-49FC-AE17-54FEFDAC6774}.Release|x64.ActiveCfg = Release|Any CPU
		{6969908F-44F2-49FC-AE17-54FEFDAC6774}.Release|x64.Build.0 = Release|Any CPU
		{6969908F-44F2-49FC-AE17-54FEFDAC6774}.Release|x86.ActiveCfg = Release|Any CPU
		{6969908F-44F2-49FC-AE17-54FEFDAC6774}.Release|x86.Build.0 = Release|Any CPU
		{5E63FF90-4531-415E-8CC1-58550068BE90}.Debug|Any CPU.ActiveCfg = Debug|Any CPU
		{5E63FF90-4531-415E-8CC1-58550068BE90}.Debug|Any CPU.Build.0 = Debug|Any CPU
		{5E63FF90-4531-415E-8CC1-58550068BE90}.Debug|x64.ActiveCfg = Debug|Any CPU
		{5E63FF90-4531-415E-8CC1-58550068BE90}.Debug|x64.Build.0 = Debug|Any CPU
		{5E63FF90-4531-415E-8CC1-58550068BE90}.Debug|x86.ActiveCfg = Debug|Any CPU
		{5E63FF90-4531-415E-8CC1-58550068BE90}.Debug|x86.Build.0 = Debug|Any CPU
		{5E63FF90-4531-415E-8CC1-58550068BE90}.Release|Any CPU.ActiveCfg = Release|Any CPU
		{5E63FF90-4531-415E-8CC1-58550068BE90}.Release|Any CPU.Build.0 = Release|Any CPU
		{5E63FF90-4531-415E-8CC1-58550068BE90}.Release|x64.ActiveCfg = Release|Any CPU
		{5E63FF90-4531-415E-8CC1-58550068BE90}.Release|x64.Build.0 = Release|Any CPU
		{5E63FF90-4531-415E-8CC1-58550068BE90}.Release|x86.ActiveCfg = Release|Any CPU
		{5E63FF90-4531-415E-8CC1-58550068BE90}.Release|x86.Build.0 = Release|Any CPU
	EndGlobalSection
	GlobalSection(SolutionProperties) = preSolution
		HideSolutionNode = FALSE
	EndGlobalSection
	GlobalSection(NestedProjects) = preSolution
		{3FD2378A-C09A-48B9-B412-EAC728D38E56} = {DA26979D-2C14-4C23-A652-E3E8161B10A6}
		{6F8976E8-0E7E-45D3-85A4-4A8AEA5C4E25} = {DA26979D-2C14-4C23-A652-E3E8161B10A6}
		{6969908F-44F2-49FC-AE17-54FEFDAC6774} = {0AB3BF05-4346-4AA6-1389-037BE0695223}
		{5E63FF90-4531-415E-8CC1-58550068BE90} = {DA26979D-2C14-4C23-A652-E3E8161B10A6}
	EndGlobalSection
EndGlobal
